// !$*UTF8*$!
{
	archiveVersion = 1;
	classes = {
	};
	objectVersion = 56;
	objects = {

/* Begin PBXBuildFile section */
		040EFE092F91B86A00B57EE0 /* Assets.xcassets in Resources */ = {isa = PBXBuildFile; fileRef = 040EFE082F91B86A00B57EE0 /* Assets.xcassets */; };
		B001 /* SouthwestRoutesMapApp.swift in Sources */ = {isa = PBXBuildFile; fileRef = A001 /* SouthwestRoutesMapApp.swift */; };
		B002 /* ContentView.swift in Sources */ = {isa = PBXBuildFile; fileRef = A002 /* ContentView.swift */; };
		B003 /* Models.swift in Sources */ = {isa = PBXBuildFile; fileRef = A003 /* Models.swift */; };
		B004 /* FlightViewModel.swift in Sources */ = {isa = PBXBuildFile; fileRef = A004 /* FlightViewModel.swift */; };
		B005 /* MapOverlays.swift in Sources */ = {isa = PBXBuildFile; fileRef = A005 /* MapOverlays.swift */; };
		B006 /* RouteMapView.swift in Sources */ = {isa = PBXBuildFile; fileRef = A006 /* RouteMapView.swift */; };
		B007 /* StatsPanelView.swift in Sources */ = {isa = PBXBuildFile; fileRef = A007 /* StatsPanelView.swift */; };
		B008 /* AirportDetailSheet.swift in Sources */ = {isa = PBXBuildFile; fileRef = A008 /* AirportDetailSheet.swift */; };
/* End PBXBuildFile section */

/* Begin PBXFileReference section */
		040EFE082F91B86A00B57EE0 /* Assets.xcassets */ = {isa = PBXFileReference; lastKnownFileType = folder.assetcatalog; path = "Assets.xcassets"; sourceTree = "<group>"; };
		A001 /* SouthwestRoutesMapApp.swift */ = {isa = PBXFileReference; lastKnownFileType = sourcecode.swift; path = SouthwestRoutesMapApp.swift; sourceTree = "<group>"; };
		A002 /* ContentView.swift */ = {isa = PBXFileReference; lastKnownFileType = sourcecode.swift; path = ContentView.swift; sourceTree = "<group>"; };
		A003 /* Models.swift */ = {isa = PBXFileReference; lastKnownFileType = sourcecode.swift; path = Models.swift; sourceTree = "<group>"; };
		A004 /* FlightViewModel.swift */ = {isa = PBXFileReference; lastKnownFileType = sourcecode.swift; path = FlightViewModel.swift; sourceTree = "<group>"; };
		A005 /* MapOverlays.swift */ = {isa = PBXFileReference; lastKnownFileType = sourcecode.swift; path = MapOverlays.swift; sourceTree = "<group>"; };
		A006 /* RouteMapView.swift */ = {isa = PBXFileReference; lastKnownFileType = sourcecode.swift; path = RouteMapView.swift; sourceTree = "<group>"; };
		A007 /* StatsPanelView.swift */ = {isa = PBXFileReference; lastKnownFileType = sourcecode.swift; path = StatsPanelView.swift; sourceTree = "<group>"; };
		A008 /* AirportDetailSheet.swift */ = {isa = PBXFileReference; lastKnownFileType = sourcecode.swift; path = AirportDetailSheet.swift; sourceTree = "<group>"; };
		PROD /* SouthwestRoutesMap.app */ = {isa = PBXFileReference; explicitFileType = wrapper.application; includeInIndex = 0; path = SouthwestRoutesMap.app; sourceTree = BUILT_PRODUCTS_DIR; };
/* End PBXFileReference section */

/* Begin PBXFrameworksBuildPhase section */
		FW01 /* Frameworks */ = {
			isa = PBXFrameworksBuildPhase;
			buildActionMask = 2147483647;
			files = (
			);
			runOnlyForDeploymentPostprocessing = 0;
		};
/* End PBXFrameworksBuildPhase section */

/* Begin PBXGroup section */
		GRP0 = {
			isa = PBXGroup;
			children = (
				GRP1 /* SouthwestRoutesMap */,
				GRP2 /* Products */,
			);
			sourceTree = "<group>";
		};
		GRP1 /* SouthwestRoutesMap */ = {
			isa = PBXGroup;
			children = (
				A001 /* SouthwestRoutesMapApp.swift */,
				A002 /* ContentView.swift */,
				A003 /* Models.swift */,
				A004 /* FlightViewModel.swift */,
				A005 /* MapOverlays.swift */,
				A006 /* RouteMapView.swift */,
				A007 /* StatsPanelView.swift */,
				A008 /* AirportDetailSheet.swift */,
				040EFE082F91B86A00B57EE0 /* Assets.xcassets */,
			);
			path = SouthwestRoutesMap;
			sourceTree = "<group>";
		};
		GRP2 /* Products */ = {
			isa = PBXGroup;
			children = (
				PROD /* SouthwestRoutesMap.app */,
			);
			name = Products;
			sourceTree = "<group>";
		};
/* End PBXGroup section */

/* Begin PBXNativeTarget section */
		TGT1 /* SouthwestRoutesMap */ = {
			isa = PBXNativeTarget;
			buildConfigurationList = CFGL1 /* Build configuration list for PBXNativeTarget "SouthwestRoutesMap" */;
			buildPhases = (
				PH01 /* Sources */,
				FW01 /* Frameworks */,
				PH02 /* Resources */,
			);
			buildRules = (
			);
			dependencies = (
			);
			name = SouthwestRoutesMap;
			productName = SouthwestRoutesMap;
			productReference = PROD /* SouthwestRoutesMap.app */;
			productType = "com.apple.product-type.application";
		};
/* End PBXNativeTarget section */

/* Begin PBXProject section */
		PROJ /* Project object */ = {
			isa = PBXProject;
			attributes = {
				BuildIndependentTargetsInParallel = 1;
				LastSwiftUpdateCheck = 1500;
				LastUpgradeCheck = 1500;
				TargetAttributes = {
					TGT1 = {
						CreatedOnToolsVersion = 15.0;
					};
				};
			};
			buildConfigurationList = CFGL0 /* Build configuration list for PBXProject "SouthwestRoutesMap" */;
			compatibilityVersion = "Xcode 14.0";
			developmentRegion = en;
			hasScannedForEncodings = 0;
			knownRegions = (
				en,
				Base,
			);
			mainGroup = GRP0;
			productRefGroup = GRP2 /* Products */;
			projectDirPath = "";
			projectRoot = "";
			targets = (
				TGT1 /* SouthwestRoutesMap */,
			);
		};
/* End PBXProject section */

/* Begin PBXResourcesBuildPhase section */
		PH02 /* Resources */ = {
			isa = PBXResourcesBuildPhase;
			buildActionMask = 2147483647;
			files = (
				040EFE092F91B86A00B57EE0 /* Assets.xcassets in Resources */,
			);
			runOnlyForDeploymentPostprocessing = 0;
		};
/* End PBXResourcesBuildPhase section */

/* Begin PBXSourcesBuildPhase section */
		PH01 /* Sources */ = {
			isa = PBXSourcesBuildPhase;
			buildActionMask = 2147483647;
			files = (
				B001 /* SouthwestRoutesMapApp.swift in Sources */,
				B002 /* ContentView.swift in Sources */,
				B003 /* Models.swift in Sources */,
				B004 /* FlightViewModel.swift in Sources */,
				B005 /* MapOverlays.swift in Sources */,
				B006 /* RouteMapView.swift in Sources */,
				B007 /* StatsPanelView.swift in Sources */,
				B008 /* AirportDetailSheet.swift in Sources */,
			);
			runOnlyForDeploymentPostprocessing = 0;
		};
/* End PBXSourcesBuildPhase section */

/* Begin XCBuildConfiguration section */
		BC01 /* Debug */ = {
			isa = XCBuildConfiguration;
			buildSettings = {
				ALWAYS_SEARCH_USER_PATHS = NO;
				CLANG_ANALYZER_NONNULL = YES;
				CLANG_ANALYZER_NUMBER_OBJECT_CONVERSION = YES_AGGRESSIVE;
				CLANG_CXX_LANGUAGE_STANDARD = "gnu++20";
				CLANG_ENABLE_MODULES = YES;
				CLANG_ENABLE_OBJC_ARC = YES;
				CLANG_WARN_BLOCK_CAPTURE_AUTORELEASING = YES;
				CLANG_WARN_BOOL_CONVERSION = YES;
				CLANG_WARN_COMMA = YES;
				CLANG_WARN_CONSTANT_CONVERSION = YES;
				CLANG_WARN_DEPRECATED_OBJC_IMPLEMENTATIONS = YES;
				CLANG_WARN_DIRECT_OBJC_ISA_USAGE = YES_ERROR;
				CLANG_WARN_DOCUMENTATION_COMMENTS = YES;
				CLANG_WARN_EMPTY_BODY = YES;
				CLANG_WARN_ENUM_CONVERSION = YES;
				CLANG_WARN_INFINITE_RECURSION = YES;
				CLANG_WARN_INT_CONVERSION = YES;
				CLANG_WARN_NON_LITERAL_NULL_CONVERSION = YES;
				CLANG_WARN_OBJC_IMPLICIT_RETAIN_CYCLES = YES;
				CLANG_WARN_OBJC_LITERAL_CONVERSION = YES;
				CLANG_WARN_OBJC_ROOT_CLASS = YES_ERROR;
				CLANG_WARN_QUOTED_INCLUDE_IN_FRAMEWORK_HEADER = YES;
				CLANG_WARN_RANGE_LOOP_ANALYSIS = YES;
				CLANG_WARN_STRICT_PROTOTYPES = YES;
				CLANG_WARN_SUSPICIOUS_MOVE = YES;
				CLANG_WARN_UNGUARDED_AVAILABILITY = YES_AGGRESSIVE;
				CLANG_WARN_UNREACHABLE_CODE = YES;
				CLANG_WARN__DUPLICATE_METHOD_MATCH = YES;
				COPY_PHASE_STRIP = NO;
				DEBUG_INFORMATION_FORMAT = dwarf;
				ENABLE_STRICT_OBJC_MSGSEND = YES;
				ENABLE_TESTABILITY = YES;
				GCC_C_LANGUAGE_STANDARD = gnu17;
				GCC_DYNAMIC_NO_PIC = NO;
				GCC_NO_COMMON_BLOCKS = YES;
				GCC_OPTIMIZATION_LEVEL = 0;
				GCC_PREPROCESSOR_DEFINITIONS = (
					"DEBUG=1",
					"$(inherited)",
				);
				GCC_WARN_64_TO_32_BIT_CONVERSION = YES;
				GCC_WARN_ABOUT_RETURN_TYPE = YES_ERROR;
				GCC_WARN_UNDECLARED_SELECTOR = YES;
				GCC_WARN_UNINITIALIZED_AUTOS = YES_AGGRESSIVE;
				GCC_WARN_UNUSED_FUNCTION = YES;
				GCC_WARN_UNUSED_VARIABLE = YES;
				IPHONEOS_DEPLOYMENT_TARGET = 17.0;
				MTL_ENABLE_DEBUG_INFO = INCLUDE_SOURCE;
				MTL_FAST_MATH = YES;
				ONLY_ACTIVE_ARCH = YES;
				SDKROOT = iphoneos;
				SWIFT_ACTIVE_COMPILATION_CONDITIONS = DEBUG;
				SWIFT_OPTIMIZATION_LEVEL = "-Onone";
			};
			name = Debug;
		};
		BC02 /* Release */ = {
			isa = XCBuildConfiguration;
			buildSettings = {
				ALWAYS_SEARCH_USER_PATHS = NO;
				CLANG_ANALYZER_NONNULL = YES;
				CLANG_CXX_LANGUAGE_STANDARD = "gnu++20";
				CLANG_ENABLE_MODULES = YES;
				CLANG_ENABLE_OBJC_ARC = YES;
				COPY_PHASE_STRIP = NO;
				DEBUG_INFORMATION_FORMAT = "dwarf-with-dsym";
				ENABLE_NS_ASSERTIONS = NO;
				ENABLE_STRICT_OBJC_MSGSEND = YES;
				GCC_C_LANGUAGE_STANDARD = gnu17;
				GCC_NO_COMMON_BLOCKS = YES;
				GCC_WARN_64_TO_32_BIT_CONVERSION = YES;
				GCC_WARN_ABOUT_RETURN_TYPE = YES_ERROR;
				GCC_WARN_UNDECLARED_SELECTOR = YES;
				GCC_WARN_UNINITIALIZED_AUTOS = YES_AGGRESSIVE;
				GCC_WARN_UNUSED_FUNCTION = YES;
				GCC_WARN_UNUSED_VARIABLE = YES;
				IPHONEOS_DEPLOYMENT_TARGET = 17.0;
				MTL_FAST_MATH = YES;
				SDKROOT = iphoneos;
				SWIFT_COMPILATION_MODE = wholemodule;
				SWIFT_OPTIMIZATION_LEVEL = "-O";
				VALIDATE_PRODUCT = YES;
			};
			name = Release;
		};
		BC03 /* Debug */ = {
			isa = XCBuildConfiguration;
			buildSettings = {
				ASSETCATALOG_COMPILER_APPICON_NAME = AppIcon;
				ASSETCATALOG_COMPILER_GLOBAL_ACCENT_COLOR_NAME = AccentColor;
				CODE_SIGN_STYLE = Automatic;
				CURRENT_PROJECT_VERSION = 1;
				DEVELOPMENT_ASSET_PATHS = "";
				DEVELOPMENT_TEAM = B6TAVKA596;
				ENABLE_PREVIEWS = YES;
				GENERATE_INFOPLIST_FILE = YES;
				INFOPLIST_KEY_NSLocationWhenInUseUsageDescription = "Used to show your position on the route map.";
				INFOPLIST_KEY_UIApplicationSupportsIndirectInputEvents = YES;
				INFOPLIST_KEY_UILaunchScreen_Generation = YES;
				INFOPLIST_KEY_UISupportedInterfaceOrientations_iPad = "UIInterfaceOrientationPortrait UIInterfaceOrientationPortraitUpsideDown UIInterfaceOrientationLandscapeLeft UIInterfaceOrientationLandscapeRight";
				INFOPLIST_KEY_UISupportedInterfaceOrientations_iPhone = "UIInterfaceOrientationPortrait UIInterfaceOrientationLandscapeLeft UIInterfaceOrientationLandscapeRight";
				IPHONEOS_DEPLOYMENT_TARGET = 17.0;
				MARKETING_VERSION = 1.0;
				PRODUCT_BUNDLE_IDENTIFIER = com.yourteam.SouthwestRoutesMap;
				PRODUCT_NAME = "$(TARGET_NAME)";
				SUPPORTED_PLATFORMS = "iphoneos iphonesimulator";
				SUPPORTS_MACCATALYST = NO;
				SWIFT_EMIT_LOC_STRINGS = YES;
				SWIFT_VERSION = 5.0;
				TARGETED_DEVICE_FAMILY = "1,2";
			};
			name = Debug;
		};
		BC04 /* Release */ = {
			isa = XCBuildConfiguration;
			buildSettings = {
				ASSETCATALOG_COMPILER_APPICON_NAME = AppIcon;
				ASSETCATALOG_COMPILER_GLOBAL_ACCENT_COLOR_NAME = AccentColor;
				CODE_SIGN_STYLE = Automatic;
				CURRENT_PROJECT_VERSION = 1;
				DEVELOPMENT_ASSET_PATHS = "";
				DEVELOPMENT_TEAM = B6TAVKA596;
				ENABLE_PREVIEWS = YES;
				GENERATE_INFOPLIST_FILE = YES;
				INFOPLIST_KEY_NSLocationWhenInUseUsageDescription = "Used to show your position on the route map.";
				INFOPLIST_KEY_UIApplicationSupportsIndirectInputEvents = YES;
				INFOPLIST_KEY_UILaunchScreen_Generation = YES;
				INFOPLIST_KEY_UISupportedInterfaceOrientations_iPad = "UIInterfaceOrientationPortrait UIInterfaceOrientationPortraitUpsideDown UIInterfaceOrientationLandscapeLeft UIInterfaceOrientationLandscapeRight";
				INFOPLIST_KEY_UISupportedInterfaceOrientations_iPhone = "UIInterfaceOrientationPortrait UIInterfaceOrientationLandscapeLeft UIInterfaceOrientationLandscapeRight";
				IPHONEOS_DEPLOYMENT_TARGET = 17.0;
				MARKETING_VERSION = 1.0;
				PRODUCT_BUNDLE_IDENTIFIER = com.yourteam.SouthwestRoutesMap;
				PRODUCT_NAME = "$(TARGET_NAME)";
				SUPPORTED_PLATFORMS = "iphoneos iphonesimulator";
				SUPPORTS_MACCATALYST = NO;
				SWIFT_EMIT_LOC_STRINGS = YES;
				SWIFT_VERSION = 5.0;
				TARGETED_DEVICE_FAMILY = "1,2";
			};
			name = Release;
		};
/* End XCBuildConfiguration section */

/* Begin XCConfigurationList section */
		CFGL0 /* Build configuration list for PBXProject "SouthwestRoutesMap" */ = {
			isa = XCConfigurationList;
			buildConfigurations = (
				BC01 /* Debug */,
				BC02 /* Release */,
			);
			defaultConfigurationIsVisible = 0;
			defaultConfigurationName = Release;
		};
		CFGL1 /* Build configuration list for PBXNativeTarget "SouthwestRoutesMap" */ = {
			isa = XCConfigurationList;
			buildConfigurations = (
				BC03 /* Debug */,
				BC04 /* Release */,
			);
			defaultConfigurationIsVisible = 0;
			defaultConfigurationName = Release;
		};
/* End XCConfigurationList section */
	};
	rootObject = PROJ /* Project object */;
}
